// !$*UTF8*$!
{
	archiveVersion = 1;
	classes = {
	};
	objectVersion = 46;
	objects = {

/* Begin PBXBuildFile section */
		746A42C31D13B40800408642 /* main.m in Sources */ = {isa = PBXBuildFile; fileRef = 746A42C21D13B40800408642 /* main.m */; };
		746A42C61D13B40800408642 /* AppDelegate.m in Sources */ = {isa = PBXBuildFile; fileRef = 746A42C51D13B40800408642 /* AppDelegate.m */; };
		746A42C91D13B40800408642 /* RootViewController.m in Sources */ = {isa = PBXBuildFile; fileRef = 746A42C81D13B40800408642 /* RootViewController.m */; };
		746A42CC1D13B40800408642 /* DataViewController.m in Sources */ = {isa = PBXBuildFile; fileRef = 746A42CB1D13B40800408642 /* DataViewController.m */; };
		746A42CF1D13B40800408642 /* ModelController.m in Sources */ = {isa = PBXBuildFile; fileRef = 746A42CE1D13B40800408642 /* ModelController.m */; };
		746A42D21D13B40800408642 /* Main.storyboard in Resources */ = {isa = PBXBuildFile; fileRef = 746A42D01D13B40800408642 /* Main.storyboard */; };
		746A42D41D13B40800408642 /* Assets.xcassets in Resources */ = {isa = PBXBuildFile; fileRef = 746A42D31D13B40800408642 /* Assets.xcassets */; };
		746A42D71D13B40800408642 /* LaunchScreen.storyboard in Resources */ = {isa = PBXBuildFile; fileRef = 746A42D51D13B40800408642 /* LaunchScreen.storyboard */; };
		746A42E21D13B40900408642 /* Teach360Tests.m in Sources */ = {isa = PBXBuildFile; fileRef = 746A42E11D13B40900408642 /* Teach360Tests.m */; };
		746A42ED1D13B40900408642 /* Teach360UITests.m in Sources */ = {isa = PBXBuildFile; fileRef = 746A42EC1D13B40900408642 /* Teach360UITests.m */; };
/* End PBXBuildFile section */

/* Begin PBXContainerItemProxy section */
		746A42DE1D13B40900408642 /* PBXContainerItemProxy */ = {
			isa = PBXContainerItemProxy;
			containerPortal = 746A42B61D13B40800408642 /* Project object */;
			proxyType = 1;
			remoteGlobalIDString = 746A42BD1D13B40800408642;
			remoteInfo = Teach360;
		};
		746A42E91D13B40900408642 /* PBXContainerItemProxy */ = {
			isa = PBXContainerItemProxy;
			containerPortal = 746A42B61D13B40800408642 /* Project object */;
			proxyType = 1;
			remoteGlobalIDString = 746A42BD1D13B40800408642;
			remoteInfo = Teach360;
		};
/* End PBXContainerItemProxy section */

/* Begin PBXFileReference section */
		746A42BE1D13B40800408642 /* Teach360.app */ = {isa = PBXFileReference; explicitFileType = wrapper.application; includeInIndex = 0; path = Teach360.app; sourceTree = BUILT_PRODUCTS_DIR; };
		746A42C21D13B40800408642 /* main.m */ = {isa = PBXFileReference; lastKnownFileType = sourcecode.c.objc; path = main.m; sourceTree = "<group>"; };
		746A42C41D13B40800408642 /* AppDelegate.h */ = {isa = PBXFileReference; lastKnownFileType = sourcecode.c.h; path = AppDelegate.h; sourceTree = "<group>"; };
		746A42C51D13B40800408642 /* AppDelegate.m */ = {isa = PBXFileReference; lastKnownFileType = sourcecode.c.objc; path = AppDelegate.m; sourceTree = "<group>"; };
		746A42C71D13B40800408642 /* RootViewController.h */ = {isa = PBXFileReference; lastKnownFileType = sourcecode.c.h; path = RootViewController.h; sourceTree = "<group>"; };
		746A42C81D13B40800408642 /* RootViewController.m */ = {isa = PBXFileReference; lastKnownFileType = sourcecode.c.objc; path = RootViewController.m; sourceTree = "<group>"; };
		746A42CA1D13B40800408642 /* DataViewController.h */ = {isa = PBXFileReference; lastKnownFileType = sourcecode.c.h; path = DataViewController.h; sourceTree = "<group>"; };
		746A42CB1D13B40800408642 /* DataViewController.m */ = {isa = PBXFileReference; lastKnownFileType = sourcecode.c.objc; path = DataViewController.m; sourceTree = "<group>"; };
		746A42CD1D13B40800408642 /* ModelController.h */ = {isa = PBXFileReference; lastKnownFileType = sourcecode.c.h; path = ModelController.h; sourceTree = "<group>"; };
		746A42CE1D13B40800408642 /* ModelController.m */ = {isa = PBXFileReference; lastKnownFileType = sourcecode.c.objc; path = ModelController.m; sourceTree = "<group>"; };
		746A42D11D13B40800408642 /* Base */ = {isa = PBXFileReference; lastKnownFileType = file.storyboard; name = Base; path = Base.lproj/Main.storyboard; sourceTree = "<group>"; };
		746A42D31D13B40800408642 /* Assets.xcassets */ = {isa = PBXFileReference; lastKnownFileType = folder.assetcatalog; path = Assets.xcassets; sourceTree = "<group>"; };
		746A42D61D13B40800408642 /* Base */ = {isa = PBXFileReference; lastKnownFileType = file.storyboard; name = Base; path = Base.lproj/LaunchScreen.storyboard; sourceTree = "<group>"; };
		746A42D81D13B40800408642 /* Info.plist */ = {isa = PBXFileReference; lastKnownFileType = text.plist.xml; path = Info.plist; sourceTree = "<group>"; };
		746A42DD1D13B40900408642 /* Teach360Tests.xctest */ = {isa = PBXFileReference; explicitFileType = wrapper.cfbundle; includeInIndex = 0; path = Teach360Tests.xctest; sourceTree = BUILT_PRODUCTS_DIR; };
		746A42E11D13B40900408642 /* Teach360Tests.m */ = {isa = PBXFileReference; lastKnownFileType = sourcecode.c.objc; path = Teach360Tests.m; sourceTree = "<group>"; };
		746A42E31D13B40900408642 /* Info.plist */ = {isa = PBXFileReference; lastKnownFileType = text.plist.xml; path = Info.plist; sourceTree = "<group>"; };
		746A42E81D13B40900408642 /* Teach360UITests.xctest */ = {isa = PBXFileReference; explicitFileType = wrapper.cfbundle; includeInIndex = 0; path = Teach360UITests.xctest; sourceTree = BUILT_PRODUCTS_DIR; };
		746A42EC1D13B40900408642 /* Teach360UITests.m */ = {isa = PBXFileReference; lastKnownFileType = sourcecode.c.objc; path = Teach360UITests.m; sourceTree = "<group>"; };
		746A42EE1D13B40900408642 /* Info.plist */ = {isa = PBXFileReference; lastKnownFileType = text.plist.xml; path = Info.plist; sourceTree = "<group>"; };
/* End PBXFileReference section */

/* Begin PBXFrameworksBuildPhase section */
		746A42BB1D13B40800408642 /* Frameworks */ = {
			isa = PBXFrameworksBuildPhase;
			buildActionMask = 2147483647;
			files = (
			);
			runOnlyForDeploymentPostprocessing = 0;
		};
		746A42DA1D13B40800408642 /* Frameworks */ = {
			isa = PBXFrameworksBuildPhase;
			buildActionMask = 2147483647;
			files = (
			);
			runOnlyForDeploymentPostprocessing = 0;
		};
		746A42E51D13B40900408642 /* Frameworks */ = {
			isa = PBXFrameworksBuildPhase;
			buildActionMask = 2147483647;
			files = (
			);
			runOnlyForDeploymentPostprocessing = 0;
		};
/* End PBXFrameworksBuildPhase section */

/* Begin PBXGroup section */
		746A42B51D13B40800408642 = {
			isa = PBXGroup;
			children = (
				746A42C01D13B40800408642 /* Teach360 */,
				746A42E01D13B40900408642 /* Teach360Tests */,
				746A42EB1D13B40900408642 /* Teach360UITests */,
				746A42BF1D13B40800408642 /* Products */,
			);
			sourceTree = "<group>";
		};
		746A42BF1D13B40800408642 /* Products */ = {
			isa = PBXGroup;
			children = (
				746A42BE1D13B40800408642 /* Teach360.app */,
				746A42DD1D13B40900408642 /* Teach360Tests.xctest */,
				746A42E81D13B40900408642 /* Teach360UITests.xctest */,
			);
			name = Products;
			sourceTree = "<group>";
		};
		746A42C01D13B40800408642 /* Teach360 */ = {
			isa = PBXGroup;
			children = (
				746A42C41D13B40800408642 /* AppDelegate.h */,
				746A42C51D13B40800408642 /* AppDelegate.m */,
				746A42C71D13B40800408642 /* RootViewController.h */,
				746A42C81D13B40800408642 /* RootViewController.m */,
				746A42CA1D13B40800408642 /* DataViewController.h */,
				746A42CB1D13B40800408642 /* DataViewController.m */,
				746A42CD1D13B40800408642 /* ModelController.h */,
				746A42CE1D13B40800408642 /* ModelController.m */,
				746A42D01D13B40800408642 /* Main.storyboard */,
				746A42D31D13B40800408642 /* Assets.xcassets */,
				746A42D51D13B40800408642 /* LaunchScreen.storyboard */,
				746A42D81D13B40800408642 /* Info.plist */,
				746A42C11D13B40800408642 /* Supporting Files */,
			);
			path = Teach360;
			sourceTree = "<group>";
		};
		746A42C11D13B40800408642 /* Supporting Files */ = {
			isa = PBXGroup;
			children = (
				746A42C21D13B40800408642 /* main.m */,
			);
			name = "Supporting Files";
			sourceTree = "<group>";
		};
		746A42E01D13B40900408642 /* Teach360Tests */ = {
			isa = PBXGroup;
			children = (
				746A42E11D13B40900408642 /* Teach360Tests.m */,
				746A42E31D13B40900408642 /* Info.plist */,
			);
			path = Teach360Tests;
			sourceTree = "<group>";
		};
		746A42EB1D13B40900408642 /* Teach360UITests */ = {
			isa = PBXGroup;
			children = (
				746A42EC1D13B40900408642 /* Teach360UITests.m */,
				746A42EE1D13B40900408642 /* Info.plist */,
			);
			path = Teach360UITests;
			sourceTree = "<group>";
		};
/* End PBXGroup section */

/* Begin PBXNativeTarget section */
		746A42BD1D13B40800408642 /* Teach360 */ = {
			isa = PBXNativeTarget;
			buildConfigurationList = 746A42F11D13B40900408642 /* Build configuration list for PBXNativeTarget "Teach360" */;
			buildPhases = (
				746A42BA1D13B40800408642 /* Sources */,
				746A42BB1D13B40800408642 /* Frameworks */,
				746A42BC1D13B40800408642 /* Resources */,
			);
			buildRules = (
			);
			dependencies = (
			);
			name = Teach360;
			productName = Teach360;
			productReference = 746A42BE1D13B40800408642 /* Teach360.app */;
			productType = "com.apple.product-type.application";
		};
		746A42DC1D13B40800408642 /* Teach360Tests */ = {
			isa = PBXNativeTarget;
			buildConfigurationList = 746A42F41D13B40900408642 /* Build configuration list for PBXNativeTarget "Teach360Tests" */;
			buildPhases = (
				746A42D91D13B40800408642 /* Sources */,
				746A42DA1D13B40800408642 /* Frameworks */,
				746A42DB1D13B40800408642 /* Resources */,
			);
			buildRules = (
			);
			dependencies = (
				746A42DF1D13B40900408642 /* PBXTargetDependency */,
			);
			name = Teach360Tests;
			productName = Teach360Tests;
			productReference = 746A42DD1D13B40900408642 /* Teach360Tests.xctest */;
			productType = "com.apple.product-type.bundle.unit-test";
		};
		746A42E71D13B40900408642 /* Teach360UITests */ = {
			isa = PBXNativeTarget;
			buildConfigurationList = 746A42F71D13B40900408642 /* Build configuration list for PBXNativeTarget "Teach360UITests" */;
			buildPhases = (
				746A42E41D13B40900408642 /* Sources */,
				746A42E51D13B40900408642 /* Frameworks */,
				746A42E61D13B40900408642 /* Resources */,
			);
			buildRules = (
			);
			dependencies = (
				746A42EA1D13B40900408642 /* PBXTargetDependency */,
			);
			name = Teach360UITests;
			productName = Teach360UITests;
			productReference = 746A42E81D13B40900408642 /* Teach360UITests.xctest */;
			productType = "com.apple.product-type.bundle.ui-testing";
		};
/* End PBXNativeTarget section */

/* Begin PBXProject section */
		746A42B61D13B40800408642 /* Project object */ = {
			isa = PBXProject;
			attributes = {
				LastUpgradeCheck = 0730;
				ORGANIZATIONNAME = "Nathan Sandberg";
				TargetAttributes = {
					746A42BD1D13B40800408642 = {
						CreatedOnToolsVersion = 7.3.1;
					};
					746A42DC1D13B40800408642 = {
						CreatedOnToolsVersion = 7.3.1;
						TestTargetID = 746A42BD1D13B40800408642;
					};
					746A42E71D13B40900408642 = {
						CreatedOnToolsVersion = 7.3.1;
						TestTargetID = 746A42BD1D13B40800408642;
					};
				};
			};
			buildConfigurationList = 746A42B91D13B40800408642 /* Build configuration list for PBXProject "Teach360" */;
			compatibilityVersion = "Xcode 3.2";
			developmentRegion = English;
			hasScannedForEncodings = 0;
			knownRegions = (
				en,
				Base,
			);
			mainGroup = 746A42B51D13B40800408642;
			productRefGroup = 746A42BF1D13B40800408642 /* Products */;
			projectDirPath = "";
			projectRoot = "";
			targets = (
				746A42BD1D13B40800408642 /* Teach360 */,
				746A42DC1D13B40800408642 /* Teach360Tests */,
				746A42E71D13B40900408642 /* Teach360UITests */,
			);
		};
/* End PBXProject section */

/* Begin PBXResourcesBuildPhase section */
		746A42BC1D13B40800408642 /* Resources */ = {
			isa = PBXResourcesBuildPhase;
			buildActionMask = 2147483647;
			files = (
				746A42D71D13B40800408642 /* LaunchScreen.storyboard in Resources */,
				746A42D41D13B40800408642 /* Assets.xcassets in Resources */,
				746A42D21D13B40800408642 /* Main.storyboard in Resources */,
			);
			runOnlyForDeploymentPostprocessing = 0;
		};
		746A42DB1D13B40800408642 /* Resources */ = {
			isa = PBXResourcesBuildPhase;
			buildActionMask = 2147483647;
			files = (
			);
			runOnlyForDeploymentPostprocessing = 0;
		};
		746A42E61D13B40900408642 /* Resources */ = {
			isa = PBXResourcesBuildPhase;
			buildActionMask = 2147483647;
			files = (
			);
			runOnlyForDeploymentPostprocessing = 0;
		};
/* End PBXResourcesBuildPhase section */

/* Begin PBXSourcesBuildPhase section */
		746A42BA1D13B40800408642 /* Sources */ = {
			isa = PBXSourcesBuildPhase;
			buildActionMask = 2147483647;
			files = (
				746A42CC1D13B40800408642 /* DataViewController.m in Sources */,
				746A42C61D13B40800408642 /* AppDelegate.m in Sources */,
				746A42CF1D13B40800408642 /* ModelController.m in Sources */,
				746A42C31D13B40800408642 /* main.m in Sources */,
				746A42C91D13B40800408642 /* RootViewController.m in Sources */,
			);
			runOnlyForDeploymentPostprocessing = 0;
		};
		746A42D91D13B40800408642 /* Sources */ = {
			isa = PBXSourcesBuildPhase;
			buildActionMask = 2147483647;
			files = (
				746A42E21D13B40900408642 /* Teach360Tests.m in Sources */,
			);
			runOnlyForDeploymentPostprocessing = 0;
		};
		746A42E41D13B40900408642 /* Sources */ = {
			isa = PBXSourcesBuildPhase;
			buildActionMask = 2147483647;
			files = (
				746A42ED1D13B40900408642 /* Teach360UITests.m in Sources */,
			);
			runOnlyForDeploymentPostprocessing = 0;
		};
/* End PBXSourcesBuildPhase section */

/* Begin PBXTargetDependency section */
		746A42DF1D13B40900408642 /* PBXTargetDependency */ = {
			isa = PBXTargetDependency;
			target = 746A42BD1D13B40800408642 /* Teach360 */;
			targetProxy = 746A42DE1D13B40900408642 /* PBXContainerItemProxy */;
		};
		746A42EA1D13B40900408642 /* PBXTargetDependency */ = {
			isa = PBXTargetDependency;
			target = 746A42BD1D13B40800408642 /* Teach360 */;
			targetProxy = 746A42E91D13B40900408642 /* PBXContainerItemProxy */;
		};
/* End PBXTargetDependency section */

/* Begin PBXVariantGroup section */
		746A42D01D13B40800408642 /* Main.storyboard */ = {
			isa = PBXVariantGroup;
			children = (
				746A42D11D13B40800408642 /* Base */,
			);
			name = Main.storyboard;
			sourceTree = "<group>";
		};
		746A42D51D13B40800408642 /* LaunchScreen.storyboard */ = {
			isa = PBXVariantGroup;
			children = (
				746A42D61D13B40800408642 /* Base */,
			);
			name = LaunchScreen.storyboard;
			sourceTree = "<group>";
		};
/* End PBXVariantGroup section */

/* Begin XCBuildConfiguration section */
		746A42EF1D13B40900408642 /* Debug */ = {
			isa = XCBuildConfiguration;
			buildSettings = {
				ALWAYS_SEARCH_USER_PATHS = NO;
				CLANG_ANALYZER_NONNULL = YES;
				CLANG_CXX_LANGUAGE_STANDARD = "gnu++0x";
				CLANG_CXX_LIBRARY = "libc++";
				CLANG_ENABLE_MODULES = YES;
				CLANG_ENABLE_OBJC_ARC = YES;
				CLANG_WARN_BOOL_CONVERSION = YES;
				CLANG_WARN_CONSTANT_CONVERSION = YES;
				CLANG_WARN_DIRECT_OBJC_ISA_USAGE = YES_ERROR;
				CLANG_WARN_EMPTY_BODY = YES;
				CLANG_WARN_ENUM_CONVERSION = YES;
				CLANG_WARN_INT_CONVERSION = YES;
				CLANG_WARN_OBJC_ROOT_CLASS = YES_ERROR;
				CLANG_WARN_UNREACHABLE_CODE = YES;
				CLANG_WARN__DUPLICATE_METHOD_MATCH = YES;
				"CODE_SIGN_IDENTITY[sdk=iphoneos*]" = "iPhone Developer";
				COPY_PHASE_STRIP = NO;
				DEBUG_INFORMATION_FORMAT = dwarf;
				ENABLE_STRICT_OBJC_MSGSEND = YES;
				ENABLE_TESTABILITY = YES;
				GCC_C_LANGUAGE_STANDARD = gnu99;
				GCC_DYNAMIC_NO_PIC = NO;
				GCC_NO_COMMON_BLOCKS = YES;
				GCC_OPTIMIZATION_LEVEL = 0;
				GCC_PREPROCESSOR_DEFINITIONS = (
					"DEBUG=1",
					"$(inherited)",
				);
				GCC_WARN_64_TO_32_BIT_CONVERSION = YES;
				GCC_WARN_ABOUT_RETURN_TYPE = YES_ERROR;
				GCC_WARN_UNDECLARED_SELECTOR = YES;
				GCC_WARN_UNINITIALIZED_AUTOS = YES_AGGRESSIVE;
				GCC_WARN_UNUSED_FUNCTION = YES;
				GCC_WARN_UNUSED_VARIABLE = YES;
				IPHONEOS_DEPLOYMENT_TARGET = 9.3;
				MTL_ENABLE_DEBUG_INFO = YES;
				ONLY_ACTIVE_ARCH = YES;
				SDKROOT = iphoneos;
				TARGETED_DEVICE_FAMILY = "1,2";
			};
			name = Debug;
		};
		746A42F01D13B40900408642 /* Release */ = {
			isa = XCBuildConfiguration;
			buildSettings = {
				ALWAYS_SEARCH_USER_PATHS = NO;
				CLANG_ANALYZER_NONNULL = YES;
				CLANG_CXX_LANGUAGE_STANDARD = "gnu++0x";
				CLANG_CXX_LIBRARY = "libc++";
				CLANG_ENABLE_MODULES = YES;
				CLANG_ENABLE_OBJC_ARC = YES;
				CLANG_WARN_BOOL_CONVERSION = YES;
				CLANG_WARN_CONSTANT_CONVERSION = YES;
				CLANG_WARN_DIRECT_OBJC_ISA_USAGE = YES_ERROR;
				CLANG_WARN_EMPTY_BODY = YES;
				CLANG_WARN_ENUM_CONVERSION = YES;
				CLANG_WARN_INT_CONVERSION = YES;
				CLANG_WARN_OBJC_ROOT_CLASS = YES_ERROR;
				CLANG_WARN_UNREACHABLE_CODE = YES;
				CLANG_WARN__DUPLICATE_METHOD_MATCH = YES;
				"CODE_SIGN_IDENTITY[sdk=iphoneos*]" = "iPhone Developer";
				COPY_PHASE_STRIP = NO;
				DEBUG_INFORMATION_FORMAT = "dwarf-with-dsym";
				ENABLE_NS_ASSERTIONS = NO;
				ENABLE_STRICT_OBJC_MSGSEND = YES;
				GCC_C_LANGUAGE_STANDARD = gnu99;
				GCC_NO_COMMON_BLOCKS = YES;
				GCC_WARN_64_TO_32_BIT_CONVERSION = YES;
				GCC_WARN_ABOUT_RETURN_TYPE = YES_ERROR;
				GCC_WARN_UNDECLARED_SELECTOR = YES;
				GCC_WARN_UNINITIALIZED_AUTOS = YES_AGGRESSIVE;
				GCC_WARN_UNUSED_FUNCTION = YES;
				GCC_WARN_UNUSED_VARIABLE = YES;
				IPHONEOS_DEPLOYMENT_TARGET = 9.3;
				MTL_ENABLE_DEBUG_INFO = NO;
				SDKROOT = iphoneos;
				TARGETED_DEVICE_FAMILY = "1,2";
				VALIDATE_PRODUCT = YES;
			};
			name = Release;
		};
		746A42F21D13B40900408642 /* Debug */ = {
			isa = XCBuildConfiguration;
			buildSettings = {
				ASSETCATALOG_COMPILER_APPICON_NAME = AppIcon;
				INFOPLIST_FILE = Teach360/Info.plist;
				LD_RUNPATH_SEARCH_PATHS = "$(inherited) @executable_path/Frameworks";
				PRODUCT_BUNDLE_IDENTIFIER = "Nathan-Sandberg.Teach360";
				PRODUCT_NAME = "$(TARGET_NAME)";
			};
			name = Debug;
		};
		746A42F31D13B40900408642 /* Release */ = {
			isa = XCBuildConfiguration;
			buildSettings = {
				ASSETCATALOG_COMPILER_APPICON_NAME = AppIcon;
				INFOPLIST_FILE = Teach360/Info.plist;
				LD_RUNPATH_SEARCH_PATHS = "$(inherited) @executable_path/Frameworks";
				PRODUCT_BUNDLE_IDENTIFIER = "Nathan-Sandberg.Teach360";
				PRODUCT_NAME = "$(TARGET_NAME)";
			};
			name = Release;
		};
		746A42F51D13B40900408642 /* Debug */ = {
			isa = XCBuildConfiguration;
			buildSettings = {
				BUNDLE_LOADER = "$(TEST_HOST)";
				INFOPLIST_FILE = Teach360Tests/Info.plist;
				LD_RUNPATH_SEARCH_PATHS = "$(inherited) @executable_path/Frameworks @loader_path/Frameworks";
				PRODUCT_BUNDLE_IDENTIFIER = "Nathan-Sandberg.Teach360Tests";
				PRODUCT_NAME = "$(TARGET_NAME)";
				TEST_HOST = "$(BUILT_PRODUCTS_DIR)/Teach360.app/Teach360";
			};
			name = Debug;
		};
		746A42F61D13B40900408642 /* Release */ = {
			isa = XCBuildConfiguration;
			buildSettings = {
				BUNDLE_LOADER = "$(TEST_HOST)";
				INFOPLIST_FILE = Teach360Tests/Info.plist;
				LD_RUNPATH_SEARCH_PATHS = "$(inherited) @executable_path/Frameworks @loader_path/Frameworks";
				PRODUCT_BUNDLE_IDENTIFIER = "Nathan-Sandberg.Teach360Tests";
				PRODUCT_NAME = "$(TARGET_NAME)";
				TEST_HOST = "$(BUILT_PRODUCTS_DIR)/Teach360.app/Teach360";
			};
			name = Release;
		};
		746A42F81D13B40900408642 /* Debug */ = {
			isa = XCBuildConfiguration;
			buildSettings = {
				INFOPLIST_FILE = Teach360UITests/Info.plist;
				LD_RUNPATH_SEARCH_PATHS = "$(inherited) @executable_path/Frameworks @loader_path/Frameworks";
				PRODUCT_BUNDLE_IDENTIFIER = "Nathan-Sandberg.Teach360UITests";
				PRODUCT_NAME = "$(TARGET_NAME)";
				TEST_TARGET_NAME = Teach360;
			};
			name = Debug;
		};
		746A42F91D13B40900408642 /* Release */ = {
			isa = XCBuildConfiguration;
			buildSettings = {
				INFOPLIST_FILE = Teach360UITests/Info.plist;
				LD_RUNPATH_SEARCH_PATHS = "$(inherited) @executable_path/Frameworks @loader_path/Frameworks";
				PRODUCT_BUNDLE_IDENTIFIER = "Nathan-Sandberg.Teach360UITests";
				PRODUCT_NAME = "$(TARGET_NAME)";
				TEST_TARGET_NAME = Teach360;
			};
			name = Release;
		};
/* End XCBuildConfiguration section */

/* Begin XCConfigurationList section */
		746A42B91D13B40800408642 /* Build configuration list for PBXProject "Teach360" */ = {
			isa = XCConfigurationList;
			buildConfigurations = (
				746A42EF1D13B40900408642 /* Debug */,
				746A42F01D13B40900408642 /* Release */,
			);
			defaultConfigurationIsVisible = 0;
			defaultConfigurationName = Release;
		};
		746A42F11D13B40900408642 /* Build configuration list for PBXNativeTarget "Teach360" */ = {
			isa = XCConfigurationList;
			buildConfigurations = (
				746A42F21D13B40900408642 /* Debug */,
				746A42F31D13B40900408642 /* Release */,
			);
			defaultConfigurationIsVisible = 0;
		};
		746A42F41D13B40900408642 /* Build configuration list for PBXNativeTarget "Teach360Tests" */ = {
			isa = XCConfigurationList;
			buildConfigurations = (
				746A42F51D13B40900408642 /* Debug */,
				746A42F61D13B40900408642 /* Release */,
			);
			defaultConfigurationIsVisible = 0;
		};
		746A42F71D13B40900408642 /* Build configuration list for PBXNativeTarget "Teach360UITests" */ = {
			isa = XCConfigurationList;
			buildConfigurations = (
				746A42F81D13B40900408642 /* Debug */,
				746A42F91D13B40900408642 /* Release */,
			);
			defaultConfigurationIsVisible = 0;
		};
/* End XCConfigurationList section */
	};
	rootObject = 746A42B61D13B40800408642 /* Project object */;
}
